// !$*UTF8*$!
{
	archiveVersion = 1;
	classes = {
	};
	objectVersion = 52;
	objects = {

/* Begin PBXBuildFile section */
		157AE2E3448ECB7F05EE0653 /* Pods_RoadXpert.framework in Frameworks */ = {isa = PBXBuildFile; fileRef = 5614F635D054EBDBC0E7C3C5 /* Pods_RoadXpert.framework */; };
		1E578A290B8952B4CB0044B9 /* Pods_RoadXpert_RoadXpertUITests.framework in Frameworks */ = {isa = PBXBuildFile; fileRef = 10A299D2703C7253710627FF /* Pods_RoadXpert_RoadXpertUITests.framework */; };
		31BFC27F2585E6FB00BB686B /* AppDelegate.swift in Sources */ = {isa = PBXBuildFile; fileRef = 31BFC27E2585E6FB00BB686B /* AppDelegate.swift */; };
		31BFC2812585E6FB00BB686B /* SceneDelegate.swift in Sources */ = {isa = PBXBuildFile; fileRef = 31BFC2802585E6FB00BB686B /* SceneDelegate.swift */; };
		31BFC2862585E6FB00BB686B /* Main.storyboard in Resources */ = {isa = PBXBuildFile; fileRef = 31BFC2842585E6FB00BB686B /* Main.storyboard */; };
		31BFC2882585E6FE00BB686B /* Assets.xcassets in Resources */ = {isa = PBXBuildFile; fileRef = 31BFC2872585E6FE00BB686B /* Assets.xcassets */; };
		31BFC28B2585E6FE00BB686B /* LaunchScreen.storyboard in Resources */ = {isa = PBXBuildFile; fileRef = 31BFC2892585E6FE00BB686B /* LaunchScreen.storyboard */; };
		31BFC2962585E6FE00BB686B /* RoadXpertTests.swift in Sources */ = {isa = PBXBuildFile; fileRef = 31BFC2952585E6FE00BB686B /* RoadXpertTests.swift */; };
		31BFC2A12585E6FE00BB686B /* RoadXpertUITests.swift in Sources */ = {isa = PBXBuildFile; fileRef = 31BFC2A02585E6FE00BB686B /* RoadXpertUITests.swift */; };
		31BFC2B22585EF6A00BB686B /* Record.swift in Sources */ = {isa = PBXBuildFile; fileRef = 31BFC2B12585EF6A00BB686B /* Record.swift */; };
		31BFC2C025862CB600BB686B /* AllHistory.swift in Sources */ = {isa = PBXBuildFile; fileRef = 31BFC2BF25862CB600BB686B /* AllHistory.swift */; };
		31BFC2C82586324300BB686B /* GoogleService-Info.plist in Resources */ = {isa = PBXBuildFile; fileRef = 31BFC2C72586324200BB686B /* GoogleService-Info.plist */; };
		31BFC2CE258644BD00BB686B /* FirebaseAnalytics.xcframework in Frameworks */ = {isa = PBXBuildFile; fileRef = 31BFC2CD258644BD00BB686B /* FirebaseAnalytics.xcframework */; };
		31BFC2D3258644C400BB686B /* FirebaseCore.xcframework in Frameworks */ = {isa = PBXBuildFile; fileRef = 31BFC2D2258644C400BB686B /* FirebaseCore.xcframework */; };
		31BFC2E2258644D500BB686B /* GoogleAppMeasurement.xcframework in Frameworks */ = {isa = PBXBuildFile; fileRef = 31BFC2E1258644D500BB686B /* GoogleAppMeasurement.xcframework */; };
		31BFC2E7258644DE00BB686B /* GoogleDataTransport.xcframework in Frameworks */ = {isa = PBXBuildFile; fileRef = 31BFC2E6258644DE00BB686B /* GoogleDataTransport.xcframework */; };
		31BFC2EC258644E500BB686B /* GoogleUtilities.xcframework in Frameworks */ = {isa = PBXBuildFile; fileRef = 31BFC2EB258644E500BB686B /* GoogleUtilities.xcframework */; };
		31BFC2F1258644ED00BB686B /* nanopb.xcframework in Frameworks */ = {isa = PBXBuildFile; fileRef = 31BFC2F0258644ED00BB686B /* nanopb.xcframework */; };
		31BFC2F62586450100BB686B /* PromisesObjC.xcframework in Frameworks */ = {isa = PBXBuildFile; fileRef = 31BFC2F52586450100BB686B /* PromisesObjC.xcframework */; };
		31BFC30A258649DE00BB686B /* FirebaseCoreDiagnostics.xcframework in Frameworks */ = {isa = PBXBuildFile; fileRef = 31BFC309258649DE00BB686B /* FirebaseCoreDiagnostics.xcframework */; };
		31BFC31825866AFD00BB686B /* Motion.swift in Sources */ = {isa = PBXBuildFile; fileRef = 31BFC31725866AFD00BB686B /* Motion.swift */; };
		31BFC32825869C4700BB686B /* m2.mlmodel in Sources */ = {isa = PBXBuildFile; fileRef = 31BFC32725869C4600BB686B /* m2.mlmodel */; };
		31BFC32D25869C5F00BB686B /* m3.mlmodel in Sources */ = {isa = PBXBuildFile; fileRef = 31BFC32C25869C5F00BB686B /* m3.mlmodel */; };
		31BFC340258BEFB300BB686B /* CoreMLTest.swift in Sources */ = {isa = PBXBuildFile; fileRef = 31BFC33F258BEFB300BB686B /* CoreMLTest.swift */; };
		31BFC34B25941B0000BB686B /* locationDelegate.swift in Sources */ = {isa = PBXBuildFile; fileRef = 31BFC34A25941B0000BB686B /* locationDelegate.swift */; };
		31E8D1EC259A16190014225B /* model3.xcdatamodeld in Sources */ = {isa = PBXBuildFile; fileRef = 31E8D1EA259A16190014225B /* model3.xcdatamodeld */; };
		7CD688C9DD36A2F3BB54CBF7 /* Pods_RoadXpertTests.framework in Frameworks */ = {isa = PBXBuildFile; fileRef = 33793BC06FA7C89F0300AD46 /* Pods_RoadXpertTests.framework */; };
/* End PBXBuildFile section */

/* Begin PBXContainerItemProxy section */
		31BFC2922585E6FE00BB686B /* PBXContainerItemProxy */ = {
			isa = PBXContainerItemProxy;
			containerPortal = 31BFC2732585E6FB00BB686B /* Project object */;
			proxyType = 1;
			remoteGlobalIDString = 31BFC27A2585E6FB00BB686B;
			remoteInfo = RoadXpert;
		};
		31BFC29D2585E6FE00BB686B /* PBXContainerItemProxy */ = {
			isa = PBXContainerItemProxy;
			containerPortal = 31BFC2732585E6FB00BB686B /* Project object */;
			proxyType = 1;
			remoteGlobalIDString = 31BFC27A2585E6FB00BB686B;
			remoteInfo = RoadXpert;
		};
/* End PBXContainerItemProxy section */

/* Begin PBXFileReference section */
		0655292382F0B9C6AEA6AA59 /* Pods-RoadXpert.debug.xcconfig */ = {isa = PBXFileReference; includeInIndex = 1; lastKnownFileType = text.xcconfig; name = "Pods-RoadXpert.debug.xcconfig"; path = "Target Support Files/Pods-RoadXpert/Pods-RoadXpert.debug.xcconfig"; sourceTree = "<group>"; };
		07B6B5E9C9AEB04A4CBFDC41 /* Pods-RoadXpertTests.debug.xcconfig */ = {isa = PBXFileReference; includeInIndex = 1; lastKnownFileType = text.xcconfig; name = "Pods-RoadXpertTests.debug.xcconfig"; path = "Target Support Files/Pods-RoadXpertTests/Pods-RoadXpertTests.debug.xcconfig"; sourceTree = "<group>"; };
		10A299D2703C7253710627FF /* Pods_RoadXpert_RoadXpertUITests.framework */ = {isa = PBXFileReference; explicitFileType = wrapper.framework; includeInIndex = 0; path = Pods_RoadXpert_RoadXpertUITests.framework; sourceTree = BUILT_PRODUCTS_DIR; };
		240741B962B7103F6499C357 /* Pods-RoadXpertTests.release.xcconfig */ = {isa = PBXFileReference; includeInIndex = 1; lastKnownFileType = text.xcconfig; name = "Pods-RoadXpertTests.release.xcconfig"; path = "Target Support Files/Pods-RoadXpertTests/Pods-RoadXpertTests.release.xcconfig"; sourceTree = "<group>"; };
		31BFC27B2585E6FB00BB686B /* RoadXpert.app */ = {isa = PBXFileReference; explicitFileType = wrapper.application; includeInIndex = 0; path = RoadXpert.app; sourceTree = BUILT_PRODUCTS_DIR; };
		31BFC27E2585E6FB00BB686B /* AppDelegate.swift */ = {isa = PBXFileReference; lastKnownFileType = sourcecode.swift; path = AppDelegate.swift; sourceTree = "<group>"; };
		31BFC2802585E6FB00BB686B /* SceneDelegate.swift */ = {isa = PBXFileReference; lastKnownFileType = sourcecode.swift; path = SceneDelegate.swift; sourceTree = "<group>"; };
		31BFC2852585E6FB00BB686B /* Base */ = {isa = PBXFileReference; lastKnownFileType = file.storyboard; name = Base; path = Base.lproj/Main.storyboard; sourceTree = "<group>"; };
		31BFC2872585E6FE00BB686B /* Assets.xcassets */ = {isa = PBXFileReference; lastKnownFileType = folder.assetcatalog; path = Assets.xcassets; sourceTree = "<group>"; };
		31BFC28A2585E6FE00BB686B /* Base */ = {isa = PBXFileReference; lastKnownFileType = file.storyboard; name = Base; path = Base.lproj/LaunchScreen.storyboard; sourceTree = "<group>"; };
		31BFC28C2585E6FE00BB686B /* Info.plist */ = {isa = PBXFileReference; lastKnownFileType = text.plist.xml; path = Info.plist; sourceTree = "<group>"; };
		31BFC2912585E6FE00BB686B /* RoadXpertTests.xctest */ = {isa = PBXFileReference; explicitFileType = wrapper.cfbundle; includeInIndex = 0; path = RoadXpertTests.xctest; sourceTree = BUILT_PRODUCTS_DIR; };
		31BFC2952585E6FE00BB686B /* RoadXpertTests.swift */ = {isa = PBXFileReference; lastKnownFileType = sourcecode.swift; path = RoadXpertTests.swift; sourceTree = "<group>"; };
		31BFC2972585E6FE00BB686B /* Info.plist */ = {isa = PBXFileReference; lastKnownFileType = text.plist.xml; path = Info.plist; sourceTree = "<group>"; };
		31BFC29C2585E6FE00BB686B /* RoadXpertUITests.xctest */ = {isa = PBXFileReference; explicitFileType = wrapper.cfbundle; includeInIndex = 0; path = RoadXpertUITests.xctest; sourceTree = BUILT_PRODUCTS_DIR; };
		31BFC2A02585E6FE00BB686B /* RoadXpertUITests.swift */ = {isa = PBXFileReference; lastKnownFileType = sourcecode.swift; path = RoadXpertUITests.swift; sourceTree = "<group>"; };
		31BFC2A22585E6FE00BB686B /* Info.plist */ = {isa = PBXFileReference; lastKnownFileType = text.plist.xml; path = Info.plist; sourceTree = "<group>"; };
		31BFC2B12585EF6A00BB686B /* Record.swift */ = {isa = PBXFileReference; lastKnownFileType = sourcecode.swift; path = Record.swift; sourceTree = "<group>"; };
		31BFC2BF25862CB600BB686B /* AllHistory.swift */ = {isa = PBXFileReference; lastKnownFileType = sourcecode.swift; path = AllHistory.swift; sourceTree = "<group>"; };
		31BFC2C72586324200BB686B /* GoogleService-Info.plist */ = {isa = PBXFileReference; fileEncoding = 4; lastKnownFileType = text.plist.xml; path = "GoogleService-Info.plist"; sourceTree = "<group>"; };
		31BFC2CD258644BD00BB686B /* FirebaseAnalytics.xcframework */ = {isa = PBXFileReference; lastKnownFileType = wrapper.xcframework; path = FirebaseAnalytics.xcframework; sourceTree = "<group>"; };
		31BFC2D2258644C400BB686B /* FirebaseCore.xcframework */ = {isa = PBXFileReference; lastKnownFileType = wrapper.xcframework; path = FirebaseCore.xcframework; sourceTree = "<group>"; };
		31BFC2E1258644D500BB686B /* GoogleAppMeasurement.xcframework */ = {isa = PBXFileReference; lastKnownFileType = wrapper.xcframework; path = GoogleAppMeasurement.xcframework; sourceTree = "<group>"; };
		31BFC2E6258644DE00BB686B /* GoogleDataTransport.xcframework */ = {isa = PBXFileReference; lastKnownFileType = wrapper.xcframework; path = GoogleDataTransport.xcframework; sourceTree = "<group>"; };
		31BFC2EB258644E500BB686B /* GoogleUtilities.xcframework */ = {isa = PBXFileReference; lastKnownFileType = wrapper.xcframework; path = GoogleUtilities.xcframework; sourceTree = "<group>"; };
		31BFC2F0258644ED00BB686B /* nanopb.xcframework */ = {isa = PBXFileReference; lastKnownFileType = wrapper.xcframework; path = nanopb.xcframework; sourceTree = "<group>"; };
		31BFC2F52586450100BB686B /* PromisesObjC.xcframework */ = {isa = PBXFileReference; lastKnownFileType = wrapper.xcframework; path = PromisesObjC.xcframework; sourceTree = "<group>"; };
		31BFC2FA2586479400BB686B /* Firebase.h */ = {isa = PBXFileReference; lastKnownFileType = sourcecode.c.h; path = Firebase.h; sourceTree = "<group>"; };
		31BFC3022586487400BB686B /* FirebaseInstallations.xcframework */ = {isa = PBXFileReference; lastKnownFileType = wrapper.xcframework; path = FirebaseInstallations.xcframework; sourceTree = "<group>"; };
		31BFC309258649DE00BB686B /* FirebaseCoreDiagnostics.xcframework */ = {isa = PBXFileReference; lastKnownFileType = wrapper.xcframework; path = FirebaseCoreDiagnostics.xcframework; sourceTree = "<group>"; };
		31BFC31725866AFD00BB686B /* Motion.swift */ = {isa = PBXFileReference; lastKnownFileType = sourcecode.swift; path = Motion.swift; sourceTree = "<group>"; };
		31BFC32725869C4600BB686B /* m2.mlmodel */ = {isa = PBXFileReference; lastKnownFileType = file.mlmodel; path = m2.mlmodel; sourceTree = "<group>"; };
		31BFC32C25869C5F00BB686B /* m3.mlmodel */ = {isa = PBXFileReference; lastKnownFileType = file.mlmodel; path = m3.mlmodel; sourceTree = "<group>"; };
		31BFC33F258BEFB300BB686B /* CoreMLTest.swift */ = {isa = PBXFileReference; lastKnownFileType = sourcecode.swift; path = CoreMLTest.swift; sourceTree = "<group>"; };
		31BFC34A25941B0000BB686B /* locationDelegate.swift */ = {isa = PBXFileReference; lastKnownFileType = sourcecode.swift; path = locationDelegate.swift; sourceTree = "<group>"; };
		31E8D1EB259A16190014225B /* model3.xcdatamodel */ = {isa = PBXFileReference; lastKnownFileType = wrapper.xcdatamodel; path = model3.xcdatamodel; sourceTree = "<group>"; };
		33793BC06FA7C89F0300AD46 /* Pods_RoadXpertTests.framework */ = {isa = PBXFileReference; explicitFileType = wrapper.framework; includeInIndex = 0; path = Pods_RoadXpertTests.framework; sourceTree = BUILT_PRODUCTS_DIR; };
		5614F635D054EBDBC0E7C3C5 /* Pods_RoadXpert.framework */ = {isa = PBXFileReference; explicitFileType = wrapper.framework; includeInIndex = 0; path = Pods_RoadXpert.framework; sourceTree = BUILT_PRODUCTS_DIR; };
		8BD9F8240D1E9EABF7FEAE5A /* Pods-RoadXpert.release.xcconfig */ = {isa = PBXFileReference; includeInIndex = 1; lastKnownFileType = text.xcconfig; name = "Pods-RoadXpert.release.xcconfig"; path = "Target Support Files/Pods-RoadXpert/Pods-RoadXpert.release.xcconfig"; sourceTree = "<group>"; };
		A7781B69A3D789F626A5900B /* Pods-RoadXpert-RoadXpertUITests.debug.xcconfig */ = {isa = PBXFileReference; includeInIndex = 1; lastKnownFileType = text.xcconfig; name = "Pods-RoadXpert-RoadXpertUITests.debug.xcconfig"; path = "Target Support Files/Pods-RoadXpert-RoadXpertUITests/Pods-RoadXpert-RoadXpertUITests.debug.xcconfig"; sourceTree = "<group>"; };
		B9E71D9208404B6D280DFDF4 /* Pods-RoadXpert-RoadXpertUITests.release.xcconfig */ = {isa = PBXFileReference; includeInIndex = 1; lastKnownFileType = text.xcconfig; name = "Pods-RoadXpert-RoadXpertUITests.release.xcconfig"; path = "Target Support Files/Pods-RoadXpert-RoadXpertUITests/Pods-RoadXpert-RoadXpertUITests.release.xcconfig"; sourceTree = "<group>"; };
/* End PBXFileReference section */

/* Begin PBXFrameworksBuildPhase section */
		31BFC2782585E6FB00BB686B /* Frameworks */ = {
			isa = PBXFrameworksBuildPhase;
			buildActionMask = 2147483647;
			files = (
				31BFC2F62586450100BB686B /* PromisesObjC.xcframework in Frameworks */,
				31BFC2E7258644DE00BB686B /* GoogleDataTransport.xcframework in Frameworks */,
				31BFC2CE258644BD00BB686B /* FirebaseAnalytics.xcframework in Frameworks */,
				31BFC2EC258644E500BB686B /* GoogleUtilities.xcframework in Frameworks */,
				31BFC30A258649DE00BB686B /* FirebaseCoreDiagnostics.xcframework in Frameworks */,
				31BFC2E2258644D500BB686B /* GoogleAppMeasurement.xcframework in Frameworks */,
				31BFC2D3258644C400BB686B /* FirebaseCore.xcframework in Frameworks */,
				31BFC2F1258644ED00BB686B /* nanopb.xcframework in Frameworks */,
				157AE2E3448ECB7F05EE0653 /* Pods_RoadXpert.framework in Frameworks */,
			);
			runOnlyForDeploymentPostprocessing = 0;
		};
		31BFC28E2585E6FE00BB686B /* Frameworks */ = {
			isa = PBXFrameworksBuildPhase;
			buildActionMask = 2147483647;
			files = (
				7CD688C9DD36A2F3BB54CBF7 /* Pods_RoadXpertTests.framework in Frameworks */,
			);
			runOnlyForDeploymentPostprocessing = 0;
		};
		31BFC2992585E6FE00BB686B /* Frameworks */ = {
			isa = PBXFrameworksBuildPhase;
			buildActionMask = 2147483647;
			files = (
				1E578A290B8952B4CB0044B9 /* Pods_RoadXpert_RoadXpertUITests.framework in Frameworks */,
			);
			runOnlyForDeploymentPostprocessing = 0;
		};
/* End PBXFrameworksBuildPhase section */

/* Begin PBXGroup section */
		31BFC2722585E6FB00BB686B = {
			isa = PBXGroup;
			children = (
				31BFC27D2585E6FB00BB686B /* RoadXpert */,
				31BFC2CC2586448A00BB686B /* Firebase */,
				31BFC2942585E6FE00BB686B /* RoadXpertTests */,
				31BFC29F2585E6FE00BB686B /* RoadXpertUITests */,
				31BFC27C2585E6FB00BB686B /* Products */,
				DEDAECE99E16B7A032D8D54E /* Pods */,
				C1989147C7EF79B6DA968F78 /* Frameworks */,
			);
			sourceTree = "<group>";
		};
		31BFC27C2585E6FB00BB686B /* Products */ = {
			isa = PBXGroup;
			children = (
				31BFC27B2585E6FB00BB686B /* RoadXpert.app */,
				31BFC2912585E6FE00BB686B /* RoadXpertTests.xctest */,
				31BFC29C2585E6FE00BB686B /* RoadXpertUITests.xctest */,
			);
			name = Products;
			sourceTree = "<group>";
		};
		31BFC27D2585E6FB00BB686B /* RoadXpert */ = {
			isa = PBXGroup;
			children = (
				31BFC33125869C7200BB686B /* Core Model */,
				31BFC27E2585E6FB00BB686B /* AppDelegate.swift */,
				31BFC34A25941B0000BB686B /* locationDelegate.swift */,
				31BFC2802585E6FB00BB686B /* SceneDelegate.swift */,
				31BFC2842585E6FB00BB686B /* Main.storyboard */,
				31BFC2872585E6FE00BB686B /* Assets.xcassets */,
				31BFC2892585E6FE00BB686B /* LaunchScreen.storyboard */,
				31BFC28C2585E6FE00BB686B /* Info.plist */,
				31BFC2B12585EF6A00BB686B /* Record.swift */,
				31BFC2BF25862CB600BB686B /* AllHistory.swift */,
				31BFC2C72586324200BB686B /* GoogleService-Info.plist */,
				31BFC31725866AFD00BB686B /* Motion.swift */,
			);
			path = RoadXpert;
			sourceTree = "<group>";
		};
		31BFC2942585E6FE00BB686B /* RoadXpertTests */ = {
			isa = PBXGroup;
			children = (
				31BFC2952585E6FE00BB686B /* RoadXpertTests.swift */,
				31BFC2972585E6FE00BB686B /* Info.plist */,
			);
			path = RoadXpertTests;
			sourceTree = "<group>";
		};
		31BFC29F2585E6FE00BB686B /* RoadXpertUITests */ = {
			isa = PBXGroup;
			children = (
				31BFC2A02585E6FE00BB686B /* RoadXpertUITests.swift */,
				31BFC2A22585E6FE00BB686B /* Info.plist */,
			);
			path = RoadXpertUITests;
			sourceTree = "<group>";
		};
		31BFC2CC2586448A00BB686B /* Firebase */ = {
			isa = PBXGroup;
			children = (
				31BFC2FA2586479400BB686B /* Firebase.h */,
				31BFC2F52586450100BB686B /* PromisesObjC.xcframework */,
				31BFC2EB258644E500BB686B /* GoogleUtilities.xcframework */,
				31BFC2E6258644DE00BB686B /* GoogleDataTransport.xcframework */,
				31BFC2CD258644BD00BB686B /* FirebaseAnalytics.xcframework */,
				31BFC309258649DE00BB686B /* FirebaseCoreDiagnostics.xcframework */,
				31BFC2E1258644D500BB686B /* GoogleAppMeasurement.xcframework */,
				31BFC2D2258644C400BB686B /* FirebaseCore.xcframework */,
				31BFC2F0258644ED00BB686B /* nanopb.xcframework */,
				31BFC3022586487400BB686B /* FirebaseInstallations.xcframework */,
			);
			path = Firebase;
			sourceTree = "<group>";
		};
		31BFC33125869C7200BB686B /* Core Model */ = {
			isa = PBXGroup;
			children = (
				31BFC32C25869C5F00BB686B /* m3.mlmodel */,
				31E8D1EA259A16190014225B /* model3.xcdatamodeld */,
				31BFC33F258BEFB300BB686B /* CoreMLTest.swift */,
				31BFC32725869C4600BB686B /* m2.mlmodel */,
			);
			path = "Core Model";
			sourceTree = "<group>";
		};
		C1989147C7EF79B6DA968F78 /* Frameworks */ = {
			isa = PBXGroup;
			children = (
				5614F635D054EBDBC0E7C3C5 /* Pods_RoadXpert.framework */,
				10A299D2703C7253710627FF /* Pods_RoadXpert_RoadXpertUITests.framework */,
				33793BC06FA7C89F0300AD46 /* Pods_RoadXpertTests.framework */,
			);
			name = Frameworks;
			sourceTree = "<group>";
		};
		DEDAECE99E16B7A032D8D54E /* Pods */ = {
			isa = PBXGroup;
			children = (
				0655292382F0B9C6AEA6AA59 /* Pods-RoadXpert.debug.xcconfig */,
				8BD9F8240D1E9EABF7FEAE5A /* Pods-RoadXpert.release.xcconfig */,
				A7781B69A3D789F626A5900B /* Pods-RoadXpert-RoadXpertUITests.debug.xcconfig */,
				B9E71D9208404B6D280DFDF4 /* Pods-RoadXpert-RoadXpertUITests.release.xcconfig */,
				07B6B5E9C9AEB04A4CBFDC41 /* Pods-RoadXpertTests.debug.xcconfig */,
				240741B962B7103F6499C357 /* Pods-RoadXpertTests.release.xcconfig */,
			);
			name = Pods;
			path = Pods;
			sourceTree = "<group>";
		};
/* End PBXGroup section */

/* Begin PBXNativeTarget section */
		31BFC27A2585E6FB00BB686B /* RoadXpert */ = {
			isa = PBXNativeTarget;
			buildConfigurationList = 31BFC2A52585E6FE00BB686B /* Build configuration list for PBXNativeTarget "RoadXpert" */;
			buildPhases = (
				CAC5644A527C0B39D5BF7377 /* [CP] Check Pods Manifest.lock */,
				31BFC2772585E6FB00BB686B /* Sources */,
				31BFC2782585E6FB00BB686B /* Frameworks */,
				31BFC2792585E6FB00BB686B /* Resources */,
			);
			buildRules = (
			);
			dependencies = (
			);
			name = RoadXpert;
			productName = RoadXpert;
			productReference = 31BFC27B2585E6FB00BB686B /* RoadXpert.app */;
			productType = "com.apple.product-type.application";
		};
		31BFC2902585E6FE00BB686B /* RoadXpertTests */ = {
			isa = PBXNativeTarget;
			buildConfigurationList = 31BFC2A82585E6FE00BB686B /* Build configuration list for PBXNativeTarget "RoadXpertTests" */;
			buildPhases = (
				FA47A500BFFB2E3D675BD226 /* [CP] Check Pods Manifest.lock */,
				31BFC28D2585E6FE00BB686B /* Sources */,
				31BFC28E2585E6FE00BB686B /* Frameworks */,
				31BFC28F2585E6FE00BB686B /* Resources */,
			);
			buildRules = (
			);
			dependencies = (
				31BFC2932585E6FE00BB686B /* PBXTargetDependency */,
			);
			name = RoadXpertTests;
			productName = RoadXpertTests;
			productReference = 31BFC2912585E6FE00BB686B /* RoadXpertTests.xctest */;
			productType = "com.apple.product-type.bundle.unit-test";
		};
		31BFC29B2585E6FE00BB686B /* RoadXpertUITests */ = {
			isa = PBXNativeTarget;
			buildConfigurationList = 31BFC2AB2585E6FE00BB686B /* Build configuration list for PBXNativeTarget "RoadXpertUITests" */;
			buildPhases = (
				CB0D56302E5C0E3F9FD0407D /* [CP] Check Pods Manifest.lock */,
				31BFC2982585E6FE00BB686B /* Sources */,
				31BFC2992585E6FE00BB686B /* Frameworks */,
				31BFC29A2585E6FE00BB686B /* Resources */,
			);
			buildRules = (
			);
			dependencies = (
				31BFC29E2585E6FE00BB686B /* PBXTargetDependency */,
			);
			name = RoadXpertUITests;
			productName = RoadXpertUITests;
			productReference = 31BFC29C2585E6FE00BB686B /* RoadXpertUITests.xctest */;
			productType = "com.apple.product-type.bundle.ui-testing";
		};
/* End PBXNativeTarget section */

/* Begin PBXProject section */
		31BFC2732585E6FB00BB686B /* Project object */ = {
			isa = PBXProject;
			attributes = {
				LastSwiftUpdateCheck = 1220;
				LastUpgradeCheck = 1220;
				TargetAttributes = {
					31BFC27A2585E6FB00BB686B = {
						CreatedOnToolsVersion = 12.2;
					};
					31BFC2902585E6FE00BB686B = {
						CreatedOnToolsVersion = 12.2;
						TestTargetID = 31BFC27A2585E6FB00BB686B;
					};
					31BFC29B2585E6FE00BB686B = {
						CreatedOnToolsVersion = 12.2;
						TestTargetID = 31BFC27A2585E6FB00BB686B;
					};
				};
			};
			buildConfigurationList = 31BFC2762585E6FB00BB686B /* Build configuration list for PBXProject "RoadXpert" */;
			compatibilityVersion = "Xcode 9.3";
			developmentRegion = en;
			hasScannedForEncodings = 0;
			knownRegions = (
				en,
				Base,
			);
			mainGroup = 31BFC2722585E6FB00BB686B;
			productRefGroup = 31BFC27C2585E6FB00BB686B /* Products */;
			projectDirPath = "";
			projectRoot = "";
			targets = (
				31BFC27A2585E6FB00BB686B /* RoadXpert */,
				31BFC2902585E6FE00BB686B /* RoadXpertTests */,
				31BFC29B2585E6FE00BB686B /* RoadXpertUITests */,
			);
		};
/* End PBXProject section */

/* Begin PBXResourcesBuildPhase section */
		31BFC2792585E6FB00BB686B /* Resources */ = {
			isa = PBXResourcesBuildPhase;
			buildActionMask = 2147483647;
			files = (
				31BFC28B2585E6FE00BB686B /* LaunchScreen.storyboard in Resources */,
				31BFC2C82586324300BB686B /* GoogleService-Info.plist in Resources */,
				31BFC2882585E6FE00BB686B /* Assets.xcassets in Resources */,
				31BFC2862585E6FB00BB686B /* Main.storyboard in Resources */,
			);
			runOnlyForDeploymentPostprocessing = 0;
		};
		31BFC28F2585E6FE00BB686B /* Resources */ = {
			isa = PBXResourcesBuildPhase;
			buildActionMask = 2147483647;
			files = (
			);
			runOnlyForDeploymentPostprocessing = 0;
		};
		31BFC29A2585E6FE00BB686B /* Resources */ = {
			isa = PBXResourcesBuildPhase;
			buildActionMask = 2147483647;
			files = (
			);
			runOnlyForDeploymentPostprocessing = 0;
		};
/* End PBXResourcesBuildPhase section */

/* Begin PBXShellScriptBuildPhase section */
		CAC5644A527C0B39D5BF7377 /* [CP] Check Pods Manifest.lock */ = {
			isa = PBXShellScriptBuildPhase;
			buildActionMask = 2147483647;
			files = (
			);
			inputFileListPaths = (
			);
			inputPaths = (
				"${PODS_PODFILE_DIR_PATH}/Podfile.lock",
				"${PODS_ROOT}/Manifest.lock",
			);
			name = "[CP] Check Pods Manifest.lock";
			outputFileListPaths = (
			);
			outputPaths = (
				"$(DERIVED_FILE_DIR)/Pods-RoadXpert-checkManifestLockResult.txt",
			);
			runOnlyForDeploymentPostprocessing = 0;
			shellPath = /bin/sh;
			shellScript = "diff \"${PODS_PODFILE_DIR_PATH}/Podfile.lock\" \"${PODS_ROOT}/Manifest.lock\" > /dev/null\nif [ $? != 0 ] ; then\n    # print error to STDERR\n    echo \"error: The sandbox is not in sync with the Podfile.lock. Run 'pod install' or update your CocoaPods installation.\" >&2\n    exit 1\nfi\n# This output is used by Xcode 'outputs' to avoid re-running this script phase.\necho \"SUCCESS\" > \"${SCRIPT_OUTPUT_FILE_0}\"\n";
			showEnvVarsInLog = 0;
		};
		CB0D56302E5C0E3F9FD0407D /* [CP] Check Pods Manifest.lock */ = {
			isa = PBXShellScriptBuildPhase;
			buildActionMask = 2147483647;
			files = (
			);
			inputFileListPaths = (
			);
			inputPaths = (
				"${PODS_PODFILE_DIR_PATH}/Podfile.lock",
				"${PODS_ROOT}/Manifest.lock",
			);
			name = "[CP] Check Pods Manifest.lock";
			outputFileListPaths = (
			);
			outputPaths = (
				"$(DERIVED_FILE_DIR)/Pods-RoadXpert-RoadXpertUITests-checkManifestLockResult.txt",
			);
			runOnlyForDeploymentPostprocessing = 0;
			shellPath = /bin/sh;
			shellScript = "diff \"${PODS_PODFILE_DIR_PATH}/Podfile.lock\" \"${PODS_ROOT}/Manifest.lock\" > /dev/null\nif [ $? != 0 ] ; then\n    # print error to STDERR\n    echo \"error: The sandbox is not in sync with the Podfile.lock. Run 'pod install' or update your CocoaPods installation.\" >&2\n    exit 1\nfi\n# This output is used by Xcode 'outputs' to avoid re-running this script phase.\necho \"SUCCESS\" > \"${SCRIPT_OUTPUT_FILE_0}\"\n";
			showEnvVarsInLog = 0;
		};
		FA47A500BFFB2E3D675BD226 /* [CP] Check Pods Manifest.lock */ = {
			isa = PBXShellScriptBuildPhase;
			buildActionMask = 2147483647;
			files = (
			);
			inputFileListPaths = (
			);
			inputPaths = (
				"${PODS_PODFILE_DIR_PATH}/Podfile.lock",
				"${PODS_ROOT}/Manifest.lock",
			);
			name = "[CP] Check Pods Manifest.lock";
			outputFileListPaths = (
			);
			outputPaths = (
				"$(DERIVED_FILE_DIR)/Pods-RoadXpertTests-checkManifestLockResult.txt",
			);
			runOnlyForDeploymentPostprocessing = 0;
			shellPath = /bin/sh;
			shellScript = "diff \"${PODS_PODFILE_DIR_PATH}/Podfile.lock\" \"${PODS_ROOT}/Manifest.lock\" > /dev/null\nif [ $? != 0 ] ; then\n    # print error to STDERR\n    echo \"error: The sandbox is not in sync with the Podfile.lock. Run 'pod install' or update your CocoaPods installation.\" >&2\n    exit 1\nfi\n# This output is used by Xcode 'outputs' to avoid re-running this script phase.\necho \"SUCCESS\" > \"${SCRIPT_OUTPUT_FILE_0}\"\n";
			showEnvVarsInLog = 0;
		};
/* End PBXShellScriptBuildPhase section */

/* Begin PBXSourcesBuildPhase section */
		31BFC2772585E6FB00BB686B /* Sources */ = {
			isa = PBXSourcesBuildPhase;
			buildActionMask = 2147483647;
			files = (
				31BFC2B22585EF6A00BB686B /* Record.swift in Sources */,
				31BFC34B25941B0000BB686B /* locationDelegate.swift in Sources */,
				31BFC31825866AFD00BB686B /* Motion.swift in Sources */,
				31BFC32D25869C5F00BB686B /* m3.mlmodel in Sources */,
				31BFC32825869C4700BB686B /* m2.mlmodel in Sources */,
				31BFC27F2585E6FB00BB686B /* AppDelegate.swift in Sources */,
				31BFC340258BEFB300BB686B /* CoreMLTest.swift in Sources */,
				31E8D1EC259A16190014225B /* model3.xcdatamodeld in Sources */,
				31BFC2812585E6FB00BB686B /* SceneDelegate.swift in Sources */,
				31BFC2C025862CB600BB686B /* AllHistory.swift in Sources */,
			);
			runOnlyForDeploymentPostprocessing = 0;
		};
		31BFC28D2585E6FE00BB686B /* Sources */ = {
			isa = PBXSourcesBuildPhase;
			buildActionMask = 2147483647;
			files = (
				31BFC2962585E6FE00BB686B /* RoadXpertTests.swift in Sources */,
			);
			runOnlyForDeploymentPostprocessing = 0;
		};
		31BFC2982585E6FE00BB686B /* Sources */ = {
			isa = PBXSourcesBuildPhase;
			buildActionMask = 2147483647;
			files = (
				31BFC2A12585E6FE00BB686B /* RoadXpertUITests.swift in Sources */,
			);
			runOnlyForDeploymentPostprocessing = 0;
		};
/* End PBXSourcesBuildPhase section */

/* Begin PBXTargetDependency section */
		31BFC2932585E6FE00BB686B /* PBXTargetDependency */ = {
			isa = PBXTargetDependency;
			target = 31BFC27A2585E6FB00BB686B /* RoadXpert */;
			targetProxy = 31BFC2922585E6FE00BB686B /* PBXContainerItemProxy */;
		};
		31BFC29E2585E6FE00BB686B /* PBXTargetDependency */ = {
			isa = PBXTargetDependency;
			target = 31BFC27A2585E6FB00BB686B /* RoadXpert */;
			targetProxy = 31BFC29D2585E6FE00BB686B /* PBXContainerItemProxy */;
		};
/* End PBXTargetDependency section */

/* Begin PBXVariantGroup section */
		31BFC2842585E6FB00BB686B /* Main.storyboard */ = {
			isa = PBXVariantGroup;
			children = (
				31BFC2852585E6FB00BB686B /* Base */,
			);
			name = Main.storyboard;
			sourceTree = "<group>";
		};
		31BFC2892585E6FE00BB686B /* LaunchScreen.storyboard */ = {
			isa = PBXVariantGroup;
			children = (
				31BFC28A2585E6FE00BB686B /* Base */,
			);
			name = LaunchScreen.storyboard;
			sourceTree = "<group>";
		};
/* End PBXVariantGroup section */

/* Begin XCBuildConfiguration section */
		31BFC2A32585E6FE00BB686B /* Debug */ = {
			isa = XCBuildConfiguration;
			buildSettings = {
				ALWAYS_SEARCH_USER_PATHS = NO;
				CLANG_ANALYZER_NONNULL = YES;
				CLANG_ANALYZER_NUMBER_OBJECT_CONVERSION = YES_AGGRESSIVE;
				CLANG_CXX_LANGUAGE_STANDARD = "gnu++14";
				CLANG_CXX_LIBRARY = "libc++";
				CLANG_ENABLE_MODULES = YES;
				CLANG_ENABLE_OBJC_ARC = YES;
				CLANG_ENABLE_OBJC_WEAK = YES;
				CLANG_WARN_BLOCK_CAPTURE_AUTORELEASING = YES;
				CLANG_WARN_BOOL_CONVERSION = YES;
				CLANG_WARN_COMMA = YES;
				CLANG_WARN_CONSTANT_CONVERSION = YES;
				CLANG_WARN_DEPRECATED_OBJC_IMPLEMENTATIONS = YES;
				CLANG_WARN_DIRECT_OBJC_ISA_USAGE = YES_ERROR;
				CLANG_WARN_DOCUMENTATION_COMMENTS = YES;
				CLANG_WARN_EMPTY_BODY = YES;
				CLANG_WARN_ENUM_CONVERSION = YES;
				CLANG_WARN_INFINITE_RECURSION = YES;
				CLANG_WARN_INT_CONVERSION = YES;
				CLANG_WARN_NON_LITERAL_NULL_CONVERSION = YES;
				CLANG_WARN_OBJC_IMPLICIT_RETAIN_SELF = YES;
				CLANG_WARN_OBJC_LITERAL_CONVERSION = YES;
				CLANG_WARN_OBJC_ROOT_CLASS = YES_ERROR;
				CLANG_WARN_QUOTED_INCLUDE_IN_FRAMEWORK_HEADER = YES;
				CLANG_WARN_RANGE_LOOP_ANALYSIS = YES;
				CLANG_WARN_STRICT_PROTOTYPES = YES;
				CLANG_WARN_SUSPICIOUS_MOVE = YES;
				CLANG_WARN_UNGUARDED_AVAILABILITY = YES_AGGRESSIVE;
				CLANG_WARN_UNREACHABLE_CODE = YES;
				CLANG_WARN__DUPLICATE_METHOD_MATCH = YES;
				COPY_PHASE_STRIP = NO;
				DEBUG_INFORMATION_FORMAT = dwarf;
				ENABLE_STRICT_OBJC_MSGSEND = YES;
				ENABLE_TESTABILITY = YES;
				GCC_C_LANGUAGE_STANDARD = gnu11;
				GCC_DYNAMIC_NO_PIC = NO;
				GCC_NO_COMMON_BLOCKS = YES;
				GCC_OPTIMIZATION_LEVEL = 0;
				GCC_PREPROCESSOR_DEFINITIONS = (
					"DEBUG=1",
					"$(inherited)",
				);
				GCC_WARN_64_TO_32_BIT_CONVERSION = YES;
				GCC_WARN_ABOUT_RETURN_TYPE = YES_ERROR;
				GCC_WARN_UNDECLARED_SELECTOR = YES;
				GCC_WARN_UNINITIALIZED_AUTOS = YES_AGGRESSIVE;
				GCC_WARN_UNUSED_FUNCTION = YES;
				GCC_WARN_UNUSED_VARIABLE = YES;
				IPHONEOS_DEPLOYMENT_TARGET = 14.2;
				MTL_ENABLE_DEBUG_INFO = INCLUDE_SOURCE;
				MTL_FAST_MATH = YES;
				ONLY_ACTIVE_ARCH = YES;
				SDKROOT = iphoneos;
				SWIFT_ACTIVE_COMPILATION_CONDITIONS = DEBUG;
				SWIFT_OPTIMIZATION_LEVEL = "-Onone";
			};
			name = Debug;
		};
		31BFC2A42585E6FE00BB686B /* Release */ = {
			isa = XCBuildConfiguration;
			buildSettings = {
				ALWAYS_SEARCH_USER_PATHS = NO;
				CLANG_ANALYZER_NONNULL = YES;
				CLANG_ANALYZER_NUMBER_OBJECT_CONVERSION = YES_AGGRESSIVE;
				CLANG_CXX_LANGUAGE_STANDARD = "gnu++14";
				CLANG_CXX_LIBRARY = "libc++";
				CLANG_ENABLE_MODULES = YES;
				CLANG_ENABLE_OBJC_ARC = YES;
				CLANG_ENABLE_OBJC_WEAK = YES;
				CLANG_WARN_BLOCK_CAPTURE_AUTORELEASING = YES;
				CLANG_WARN_BOOL_CONVERSION = YES;
				CLANG_WARN_COMMA = YES;
				CLANG_WARN_CONSTANT_CONVERSION = YES;
				CLANG_WARN_DEPRECATED_OBJC_IMPLEMENTATIONS = YES;
				CLANG_WARN_DIRECT_OBJC_ISA_USAGE = YES_ERROR;
				CLANG_WARN_DOCUMENTATION_COMMENTS = YES;
				CLANG_WARN_EMPTY_BODY = YES;
				CLANG_WARN_ENUM_CONVERSION = YES;
				CLANG_WARN_INFINITE_RECURSION = YES;
				CLANG_WARN_INT_CONVERSION = YES;
				CLANG_WARN_NON_LITERAL_NULL_CONVERSION = YES;
				CLANG_WARN_OBJC_IMPLICIT_RETAIN_SELF = YES;
				CLANG_WARN_OBJC_LITERAL_CONVERSION = YES;
				CLANG_WARN_OBJC_ROOT_CLASS = YES_ERROR;
				CLANG_WARN_QUOTED_INCLUDE_IN_FRAMEWORK_HEADER = YES;
				CLANG_WARN_RANGE_LOOP_ANALYSIS = YES;
				CLANG_WARN_STRICT_PROTOTYPES = YES;
				CLANG_WARN_SUSPICIOUS_MOVE = YES;
				CLANG_WARN_UNGUARDED_AVAILABILITY = YES_AGGRESSIVE;
				CLANG_WARN_UNREACHABLE_CODE = YES;
				CLANG_WARN__DUPLICATE_METHOD_MATCH = YES;
				COPY_PHASE_STRIP = NO;
				DEBUG_INFORMATION_FORMAT = "dwarf-with-dsym";
				ENABLE_NS_ASSERTIONS = NO;
				ENABLE_STRICT_OBJC_MSGSEND = YES;
				GCC_C_LANGUAGE_STANDARD = gnu11;
				GCC_NO_COMMON_BLOCKS = YES;
				GCC_WARN_64_TO_32_BIT_CONVERSION = YES;
				GCC_WARN_ABOUT_RETURN_TYPE = YES_ERROR;
				GCC_WARN_UNDECLARED_SELECTOR = YES;
				GCC_WARN_UNINITIALIZED_AUTOS = YES_AGGRESSIVE;
				GCC_WARN_UNUSED_FUNCTION = YES;
				GCC_WARN_UNUSED_VARIABLE = YES;
				IPHONEOS_DEPLOYMENT_TARGET = 14.2;
				MTL_ENABLE_DEBUG_INFO = NO;
				MTL_FAST_MATH = YES;
				SDKROOT = iphoneos;
				SWIFT_COMPILATION_MODE = wholemodule;
				SWIFT_OPTIMIZATION_LEVEL = "-O";
				VALIDATE_PRODUCT = YES;
			};
			name = Release;
		};
		31BFC2A62585E6FE00BB686B /* Debug */ = {
			isa = XCBuildConfiguration;
			baseConfigurationReference = 0655292382F0B9C6AEA6AA59 /* Pods-RoadXpert.debug.xcconfig */;
			buildSettings = {
				ASSETCATALOG_COMPILER_APPICON_NAME = AppIcon;
				ASSETCATALOG_COMPILER_GLOBAL_ACCENT_COLOR_NAME = AccentColor;
				CODE_SIGN_STYLE = Automatic;
				DEVELOPMENT_TEAM = PJ83G8WMQ7;
				INFOPLIST_FILE = RoadXpert/Info.plist;
				LD_RUNPATH_SEARCH_PATHS = (
					"$(inherited)",
					"@executable_path/Frameworks",
				);
				PRODUCT_BUNDLE_IDENTIFIER = com.example.RoadXpertApp;
				PRODUCT_NAME = "$(TARGET_NAME)";
				SWIFT_VERSION = 5.0;
				TARGETED_DEVICE_FAMILY = "1,2";
			};
			name = Debug;
		};
		31BFC2A72585E6FE00BB686B /* Release */ = {
			isa = XCBuildConfiguration;
			baseConfigurationReference = 8BD9F8240D1E9EABF7FEAE5A /* Pods-RoadXpert.release.xcconfig */;
			buildSettings = {
				ASSETCATALOG_COMPILER_APPICON_NAME = AppIcon;
				ASSETCATALOG_COMPILER_GLOBAL_ACCENT_COLOR_NAME = AccentColor;
				CODE_SIGN_STYLE = Automatic;
				DEVELOPMENT_TEAM = PJ83G8WMQ7;
				INFOPLIST_FILE = RoadXpert/Info.plist;
				LD_RUNPATH_SEARCH_PATHS = (
					"$(inherited)",
					"@executable_path/Frameworks",
				);
				"OTHER_LDFLAGS[arch=*]" = "-ObjC";
				PRODUCT_BUNDLE_IDENTIFIER = com.example.RoadXpertApp;
				PRODUCT_NAME = "$(TARGET_NAME)";
				SWIFT_VERSION = 5.0;
				TARGETED_DEVICE_FAMILY = "1,2";
			};
			name = Release;
		};
		31BFC2A92585E6FE00BB686B /* Debug */ = {
			isa = XCBuildConfiguration;
			baseConfigurationReference = 07B6B5E9C9AEB04A4CBFDC41 /* Pods-RoadXpertTests.debug.xcconfig */;
			buildSettings = {
				ALWAYS_EMBED_SWIFT_STANDARD_LIBRARIES = YES;
				BUNDLE_LOADER = "$(TEST_HOST)";
				CODE_SIGN_STYLE = Automatic;
				DEVELOPMENT_TEAM = PJ83G8WMQ7;
				INFOPLIST_FILE = RoadXpertTests/Info.plist;
				IPHONEOS_DEPLOYMENT_TARGET = 14.2;
				LD_RUNPATH_SEARCH_PATHS = (
					"$(inherited)",
					"@executable_path/Frameworks",
					"@loader_path/Frameworks",
				);
				PRODUCT_BUNDLE_IDENTIFIER = com.example.RoadXpertTests;
				PRODUCT_NAME = "$(TARGET_NAME)";
				SWIFT_VERSION = 5.0;
				TARGETED_DEVICE_FAMILY = "1,2";
				TEST_HOST = "$(BUILT_PRODUCTS_DIR)/RoadXpert.app/RoadXpert";
			};
			name = Debug;
		};
		31BFC2AA2585E6FE00BB686B /* Release */ = {
			isa = XCBuildConfiguration;
			baseConfigurationReference = 240741B962B7103F6499C357 /* Pods-RoadXpertTests.release.xcconfig */;
			buildSettings = {
				ALWAYS_EMBED_SWIFT_STANDARD_LIBRARIES = YES;
				BUNDLE_LOADER = "$(TEST_HOST)";
				CODE_SIGN_STYLE = Automatic;
				DEVELOPMENT_TEAM = PJ83G8WMQ7;
				INFOPLIST_FILE = RoadXpertTests/Info.plist;
				IPHONEOS_DEPLOYMENT_TARGET = 14.2;
				LD_RUNPATH_SEARCH_PATHS = (
					"$(inherited)",
					"@executable_path/Frameworks",
					"@loader_path/Frameworks",
				);
				PRODUCT_BUNDLE_IDENTIFIER = com.example.RoadXpertTests;
				PRODUCT_NAME = "$(TARGET_NAME)";
				SWIFT_VERSION = 5.0;
				TARGETED_DEVICE_FAMILY = "1,2";
				TEST_HOST = "$(BUILT_PRODUCTS_DIR)/RoadXpert.app/RoadXpert";
			};
			name = Release;
		};
		31BFC2AC2585E6FE00BB686B /* Debug */ = {
			isa = XCBuildConfiguration;
			baseConfigurationReference = A7781B69A3D789F626A5900B /* Pods-RoadXpert-RoadXpertUITests.debug.xcconfig */;
			buildSettings = {
				ALWAYS_EMBED_SWIFT_STANDARD_LIBRARIES = YES;
				CODE_SIGN_STYLE = Automatic;
				DEVELOPMENT_TEAM = PJ83G8WMQ7;
				INFOPLIST_FILE = RoadXpertUITests/Info.plist;
				LD_RUNPATH_SEARCH_PATHS = (
					"$(inherited)",
					"@executable_path/Frameworks",
					"@loader_path/Frameworks",
				);
				PRODUCT_BUNDLE_IDENTIFIER = com.example.RoadXpertUITests;
				PRODUCT_NAME = "$(TARGET_NAME)";
				SWIFT_VERSION = 5.0;
				TARGETED_DEVICE_FAMILY = "1,2";
				TEST_TARGET_NAME = RoadXpert;
			};
			name = Debug;
		};
		31BFC2AD2585E6FE00BB686B /* Release */ = {
			isa = XCBuildConfiguration;
			baseConfigurationReference = B9E71D9208404B6D280DFDF4 /* Pods-RoadXpert-RoadXpertUITests.release.xcconfig */;
			buildSettings = {
				ALWAYS_EMBED_SWIFT_STANDARD_LIBRARIES = YES;
				CODE_SIGN_STYLE = Automatic;
				DEVELOPMENT_TEAM = PJ83G8WMQ7;
				INFOPLIST_FILE = RoadXpertUITests/Info.plist;
				LD_RUNPATH_SEARCH_PATHS = (
					"$(inherited)",
					"@executable_path/Frameworks",
					"@loader_path/Frameworks",
				);
				PRODUCT_BUNDLE_IDENTIFIER = com.example.RoadXpertUITests;
				PRODUCT_NAME = "$(TARGET_NAME)";
				SWIFT_VERSION = 5.0;
				TARGETED_DEVICE_FAMILY = "1,2";
				TEST_TARGET_NAME = RoadXpert;
			};
			name = Release;
		};
/* End XCBuildConfiguration section */

/* Begin XCConfigurationList section */
		31BFC2762585E6FB00BB686B /* Build configuration list for PBXProject "RoadXpert" */ = {
			isa = XCConfigurationList;
			buildConfigurations = (
				31BFC2A32585E6FE00BB686B /* Debug */,
				31BFC2A42585E6FE00BB686B /* Release */,
			);
			defaultConfigurationIsVisible = 0;
			defaultConfigurationName = Release;
		};
		31BFC2A52585E6FE00BB686B /* Build configuration list for PBXNativeTarget "RoadXpert" */ = {
			isa = XCConfigurationList;
			buildConfigurations = (
				31BFC2A62585E6FE00BB686B /* Debug */,
				31BFC2A72585E6FE00BB686B /* Release */,
			);
			defaultConfigurationIsVisible = 0;
			defaultConfigurationName = Release;
		};
		31BFC2A82585E6FE00BB686B /* Build configuration list for PBXNativeTarget "RoadXpertTests" */ = {
			isa = XCConfigurationList;
			buildConfigurations = (
				31BFC2A92585E6FE00BB686B /* Debug */,
				31BFC2AA2585E6FE00BB686B /* Release */,
			);
			defaultConfigurationIsVisible = 0;
			defaultConfigurationName = Release;
		};
		31BFC2AB2585E6FE00BB686B /* Build configuration list for PBXNativeTarget "RoadXpertUITests" */ = {
			isa = XCConfigurationList;
			buildConfigurations = (
				31BFC2AC2585E6FE00BB686B /* Debug */,
				31BFC2AD2585E6FE00BB686B /* Release */,
			);
			defaultConfigurationIsVisible = 0;
			defaultConfigurationName = Release;
		};
/* End XCConfigurationList section */

/* Begin XCVersionGroup section */
		31E8D1EA259A16190014225B /* model3.xcdatamodeld */ = {
			isa = XCVersionGroup;
			children = (
				31E8D1EB259A16190014225B /* model3.xcdatamodel */,
			);
			currentVersion = 31E8D1EB259A16190014225B /* model3.xcdatamodel */;
			path = model3.xcdatamodeld;
			sourceTree = "<group>";
			versionGroupType = wrapper.xcdatamodel;
		};
/* End XCVersionGroup section */
	};
	rootObject = 31BFC2732585E6FB00BB686B /* Project object */;
}
